// !$*UTF8*$!
{
	archiveVersion = 1;
	classes = {
	};
	objectVersion = 56;
	objects = {

/* Begin PBXBuildFile section */
		C023EA532A587E6F00EA65C6 /* AppDelegate.swift in Sources */ = {isa = PBXBuildFile; fileRef = C023EA522A587E6F00EA65C6 /* AppDelegate.swift */; };
		C023EA552A587E6F00EA65C6 /* SceneDelegate.swift in Sources */ = {isa = PBXBuildFile; fileRef = C023EA542A587E6F00EA65C6 /* SceneDelegate.swift */; };
		C023EA572A587E6F00EA65C6 /* ViewController.swift in Sources */ = {isa = PBXBuildFile; fileRef = C023EA562A587E6F00EA65C6 /* ViewController.swift */; };
		C023EA5A2A587E6F00EA65C6 /* Main.storyboard in Resources */ = {isa = PBXBuildFile; fileRef = C023EA582A587E6F00EA65C6 /* Main.storyboard */; };
		C023EA5C2A587E6F00EA65C6 /* Assets.xcassets in Resources */ = {isa = PBXBuildFile; fileRef = C023EA5B2A587E6F00EA65C6 /* Assets.xcassets */; };
		C023EA5F2A587E6F00EA65C6 /* LaunchScreen.storyboard in Resources */ = {isa = PBXBuildFile; fileRef = C023EA5D2A587E6F00EA65C6 /* LaunchScreen.storyboard */; };
		C023EA672A588DD400EA65C6 /* CustomCell.swift in Sources */ = {isa = PBXBuildFile; fileRef = C023EA662A588DD400EA65C6 /* CustomCell.swift */; };
		C060AC732A59143E00372C1E /* MovieModel.swift in Sources */ = {isa = PBXBuildFile; fileRef = C060AC722A59143E00372C1E /* MovieModel.swift */; };
/* End PBXBuildFile section */

/* Begin PBXFileReference section */
		C023EA4F2A587E6F00EA65C6 /* month3_collectionView.app */ = {isa = PBXFileReference; explicitFileType = wrapper.application; includeInIndex = 0; path = month3_collectionView.app; sourceTree = BUILT_PRODUCTS_DIR; };
		C023EA522A587E6F00EA65C6 /* AppDelegate.swift */ = {isa = PBXFileReference; lastKnownFileType = sourcecode.swift; path = AppDelegate.swift; sourceTree = "<group>"; };
		C023EA542A587E6F00EA65C6 /* SceneDelegate.swift */ = {isa = PBXFileReference; lastKnownFileType = sourcecode.swift; path = SceneDelegate.swift; sourceTree = "<group>"; };
		C023EA562A587E6F00EA65C6 /* ViewController.swift */ = {isa = PBXFileReference; lastKnownFileType = sourcecode.swift; path = ViewController.swift; sourceTree = "<group>"; };
		C023EA592A587E6F00EA65C6 /* Base */ = {isa = PBXFileReference; lastKnownFileType = file.storyboard; name = Base; path = Base.lproj/Main.storyboard; sourceTree = "<group>"; };
		C023EA5B2A587E6F00EA65C6 /* Assets.xcassets */ = {isa = PBXFileReference; lastKnownFileType = folder.assetcatalog; path = Assets.xcassets; sourceTree = "<group>"; };
		C023EA5E2A587E6F00EA65C6 /* Base */ = {isa = PBXFileReference; lastKnownFileType = file.storyboard; name = Base; path = Base.lproj/LaunchScreen.storyboard; sourceTree = "<group>"; };
		C023EA602A587E6F00EA65C6 /* Info.plist */ = {isa = PBXFileReference; lastKnownFileType = text.plist.xml; path = Info.plist; sourceTree = "<group>"; };
		C023EA662A588DD400EA65C6 /* CustomCell.swift */ = {isa = PBXFileReference; lastKnownFileType = sourcecode.swift; path = CustomCell.swift; sourceTree = "<group>"; };
		C060AC722A59143E00372C1E /* MovieModel.swift */ = {isa = PBXFileReference; lastKnownFileType = sourcecode.swift; path = MovieModel.swift; sourceTree = "<group>"; };
/* End PBXFileReference section */

/* Begin PBXFrameworksBuildPhase section */
		C023EA4C2A587E6F00EA65C6 /* Frameworks */ = {
			isa = PBXFrameworksBuildPhase;
			buildActionMask = 2147483647;
			files = (
			);
			runOnlyForDeploymentPostprocessing = 0;
		};
/* End PBXFrameworksBuildPhase section */

/* Begin PBXGroup section */
		C023EA462A587E6F00EA65C6 = {
			isa = PBXGroup;
			children = (
				C023EA512A587E6F00EA65C6 /* month3_collectionView */,
				C023EA502A587E6F00EA65C6 /* Products */,
			);
			sourceTree = "<group>";
		};
		C023EA502A587E6F00EA65C6 /* Products */ = {
			isa = PBXGroup;
			children = (
				C023EA4F2A587E6F00EA65C6 /* month3_collectionView.app */,
			);
			name = Products;
			sourceTree = "<group>";
		};
		C023EA512A587E6F00EA65C6 /* month3_collectionView */ = {
			isa = PBXGroup;
			children = (
				C023EA522A587E6F00EA65C6 /* AppDelegate.swift */,
				C023EA542A587E6F00EA65C6 /* SceneDelegate.swift */,
				C023EA562A587E6F00EA65C6 /* ViewController.swift */,
				C023EA662A588DD400EA65C6 /* CustomCell.swift */,
				C060AC722A59143E00372C1E /* MovieModel.swift */,
				C023EA582A587E6F00EA65C6 /* Main.storyboard */,
				C023EA5B2A587E6F00EA65C6 /* Assets.xcassets */,
				C023EA5D2A587E6F00EA65C6 /* LaunchScreen.storyboard */,
				C023EA602A587E6F00EA65C6 /* Info.plist */,
			);
			path = month3_collectionView;
			sourceTree = "<group>";
		};
/* End PBXGroup section */

/* Begin PBXNativeTarget section */
		C023EA4E2A587E6F00EA65C6 /* month3_collectionView */ = {
			isa = PBXNativeTarget;
			buildConfigurationList = C023EA632A587E6F00EA65C6 /* Build configuration list for PBXNativeTarget "month3_collectionView" */;
			buildPhases = (
				C023EA4B2A587E6F00EA65C6 /* Sources */,
				C023EA4C2A587E6F00EA65C6 /* Frameworks */,
				C023EA4D2A587E6F00EA65C6 /* Resources */,
			);
			buildRules = (
			);
			dependencies = (
			);
			name = month3_collectionView;
			productName = month3_collectionView;
			productReference = C023EA4F2A587E6F00EA65C6 /* month3_collectionView.app */;
			productType = "com.apple.product-type.application";
		};
/* End PBXNativeTarget section */

/* Begin PBXProject section */
		C023EA472A587E6F00EA65C6 /* Project object */ = {
			isa = PBXProject;
			attributes = {
				BuildIndependentTargetsInParallel = 1;
				LastSwiftUpdateCheck = 1420;
				LastUpgradeCheck = 1420;
				TargetAttributes = {
					C023EA4E2A587E6F00EA65C6 = {
						CreatedOnToolsVersion = 14.2;
					};
				};
			};
			buildConfigurationList = C023EA4A2A587E6F00EA65C6 /* Build configuration list for PBXProject "month3_collectionView" */;
			compatibilityVersion = "Xcode 14.0";
			developmentRegion = en;
			hasScannedForEncodings = 0;
			knownRegions = (
				en,
				Base,
			);
			mainGroup = C023EA462A587E6F00EA65C6;
			productRefGroup = C023EA502A587E6F00EA65C6 /* Products */;
			projectDirPath = "";
			projectRoot = "";
			targets = (
				C023EA4E2A587E6F00EA65C6 /* month3_collectionView */,
			);
		};
/* End PBXProject section */

/* Begin PBXResourcesBuildPhase section */
		C023EA4D2A587E6F00EA65C6 /* Resources */ = {
			isa = PBXResourcesBuildPhase;
			buildActionMask = 2147483647;
			files = (
				C023EA5F2A587E6F00EA65C6 /* LaunchScreen.storyboard in Resources */,
				C023EA5C2A587E6F00EA65C6 /* Assets.xcassets in Resources */,
				C023EA5A2A587E6F00EA65C6 /* Main.storyboard in Resources */,
			);
			runOnlyForDeploymentPostprocessing = 0;
		};
/* End PBXResourcesBuildPhase section */

/* Begin PBXSourcesBuildPhase section */
		C023EA4B2A587E6F00EA65C6 /* Sources */ = {
			isa = PBXSourcesBuildPhase;
			buildActionMask = 2147483647;
			files = (
				C023EA572A587E6F00EA65C6 /* ViewController.swift in Sources */,
				C023EA532A587E6F00EA65C6 /* AppDelegate.swift in Sources */,
				C060AC732A59143E00372C1E /* MovieModel.swift in Sources */,
				C023EA672A588DD400EA65C6 /* CustomCell.swift in Sources */,
				C023EA552A587E6F00EA65C6 /* SceneDelegate.swift in Sources */,
			);
			runOnlyForDeploymentPostprocessing = 0;
		};
/* End PBXSourcesBuildPhase section */

/* Begin PBXVariantGroup section */
		C023EA582A587E6F00EA65C6 /* Main.storyboard */ = {
			isa = PBXVariantGroup;
			children = (
				C023EA592A587E6F00EA65C6 /* Base */,
			);
			name = Main.storyboard;
			sourceTree = "<group>";
		};
		C023EA5D2A587E6F00EA65C6 /* LaunchScreen.storyboard */ = {
			isa = PBXVariantGroup;
			children = (
				C023EA5E2A587E6F00EA65C6 /* Base */,
			);
			name = LaunchScreen.storyboard;
			sourceTree = "<group>";
		};
/* End PBXVariantGroup section */

/* Begin XCBuildConfiguration section */
		C023EA612A587E6F00EA65C6 /* Debug */ = {
			isa = XCBuildConfiguration;
			buildSettings = {
				ALWAYS_SEARCH_USER_PATHS = NO;
				CLANG_ANALYZER_NONNULL = YES;
				CLANG_ANALYZER_NUMBER_OBJECT_CONVERSION = YES_AGGRESSIVE;
				CLANG_CXX_LANGUAGE_STANDARD = "gnu++20";
				CLANG_ENABLE_MODULES = YES;
				CLANG_ENABLE_OBJC_ARC = YES;
				CLANG_ENABLE_OBJC_WEAK = YES;
				CLANG_WARN_BLOCK_CAPTURE_AUTORELEASING = YES;
				CLANG_WARN_BOOL_CONVERSION = YES;
				CLANG_WARN_COMMA = YES;
				CLANG_WARN_CONSTANT_CONVERSION = YES;
				CLANG_WARN_DEPRECATED_OBJC_IMPLEMENTATIONS = YES;
				CLANG_WARN_DIRECT_OBJC_ISA_USAGE = YES_ERROR;
				CLANG_WARN_DOCUMENTATION_COMMENTS = YES;
				CLANG_WARN_EMPTY_BODY = YES;
				CLANG_WARN_ENUM_CONVERSION = YES;
				CLANG_WARN_INFINITE_RECURSION = YES;
				CLANG_WARN_INT_CONVERSION = YES;
				CLANG_WARN_NON_LITERAL_NULL_CONVERSION = YES;
				CLANG_WARN_OBJC_IMPLICIT_RETAIN_SELF = YES;
				CLANG_WARN_OBJC_LITERAL_CONVERSION = YES;
				CLANG_WARN_OBJC_ROOT_CLASS = YES_ERROR;
				CLANG_WARN_QUOTED_INCLUDE_IN_FRAMEWORK_HEADER = YES;
				CLANG_WARN_RANGE_LOOP_ANALYSIS = YES;
				CLANG_WARN_STRICT_PROTOTYPES = YES;
				CLANG_WARN_SUSPICIOUS_MOVE = YES;
				CLANG_WARN_UNGUARDED_AVAILABILITY = YES_AGGRESSIVE;
				CLANG_WARN_UNREACHABLE_CODE = YES;
				CLANG_WARN__DUPLICATE_METHOD_MATCH = YES;
				COPY_PHASE_STRIP = NO;
				DEBUG_INFORMATION_FORMAT = dwarf;
				ENABLE_STRICT_OBJC_MSGSEND = YES;
				ENABLE_TESTABILITY = YES;
				GCC_C_LANGUAGE_STANDARD = gnu11;
				GCC_DYNAMIC_NO_PIC = NO;
				GCC_NO_COMMON_BLOCKS = YES;
				GCC_OPTIMIZATION_LEVEL = 0;
				GCC_PREPROCESSOR_DEFINITIONS = (
					"DEBUG=1",
					"$(inherited)",
				);
				GCC_WARN_64_TO_32_BIT_CONVERSION = YES;
				GCC_WARN_ABOUT_RETURN_TYPE = YES_ERROR;
				GCC_WARN_UNDECLARED_SELECTOR = YES;
				GCC_WARN_UNINITIALIZED_AUTOS = YES_AGGRESSIVE;
				GCC_WARN_UNUSED_FUNCTION = YES;
				GCC_WARN_UNUSED_VARIABLE = YES;
				IPHONEOS_DEPLOYMENT_TARGET = 16.2;
				MTL_ENABLE_DEBUG_INFO = INCLUDE_SOURCE;
				MTL_FAST_MATH = YES;
				ONLY_ACTIVE_ARCH = YES;
				SDKROOT = iphoneos;
				SWIFT_ACTIVE_COMPILATION_CONDITIONS = DEBUG;
				SWIFT_OPTIMIZATION_LEVEL = "-Onone";
			};
			name = Debug;
		};
		C023EA622A587E6F00EA65C6 /* Release */ = {
			isa = XCBuildConfiguration;
			buildSettings = {
				ALWAYS_SEARCH_USER_PATHS = NO;
				CLANG_ANALYZER_NONNULL = YES;
				CLANG_ANALYZER_NUMBER_OBJECT_CONVERSION = YES_AGGRESSIVE;
				CLANG_CXX_LANGUAGE_STANDARD = "gnu++20";
				CLANG_ENABLE_MODULES = YES;
				CLANG_ENABLE_OBJC_ARC = YES;
				CLANG_ENABLE_OBJC_WEAK = YES;
				CLANG_WARN_BLOCK_CAPTURE_AUTORELEASING = YES;
				CLANG_WARN_BOOL_CONVERSION = YES;
				CLANG_WARN_COMMA = YES;
				CLANG_WARN_CONSTANT_CONVERSION = YES;
				CLANG_WARN_DEPRECATED_OBJC_IMPLEMENTATIONS = YES;
				CLANG_WARN_DIRECT_OBJC_ISA_USAGE = YES_ERROR;
				CLANG_WARN_DOCUMENTATION_COMMENTS = YES;
				CLANG_WARN_EMPTY_BODY = YES;
				CLANG_WARN_ENUM_CONVERSION = YES;
				CLANG_WARN_INFINITE_RECURSION = YES;
				CLANG_WARN_INT_CONVERSION = YES;
				CLANG_WARN_NON_LITERAL_NULL_CONVERSION = YES;
				CLANG_WARN_OBJC_IMPLICIT_RETAIN_SELF = YES;
				CLANG_WARN_OBJC_LITERAL_CONVERSION = YES;
				CLANG_WARN_OBJC_ROOT_CLASS = YES_ERROR;
				CLANG_WARN_QUOTED_INCLUDE_IN_FRAMEWORK_HEADER = YES;
				CLANG_WARN_RANGE_LOOP_ANALYSIS = YES;
				CLANG_WARN_STRICT_PROTOTYPES = YES;
				CLANG_WARN_SUSPICIOUS_MOVE = YES;
				CLANG_WARN_UNGUARDED_AVAILABILITY = YES_AGGRESSIVE;
				CLANG_WARN_UNREACHABLE_CODE = YES;
				CLANG_WARN__DUPLICATE_METHOD_MATCH = YES;
				COPY_PHASE_STRIP = NO;
				DEBUG_INFORMATION_FORMAT = "dwarf-with-dsym";
				ENABLE_NS_ASSERTIONS = NO;
				ENABLE_STRICT_OBJC_MSGSEND = YES;
				GCC_C_LANGUAGE_STANDARD = gnu11;
				GCC_NO_COMMON_BLOCKS = YES;
				GCC_WARN_64_TO_32_BIT_CONVERSION = YES;
				GCC_WARN_ABOUT_RETURN_TYPE = YES_ERROR;
				GCC_WARN_UNDECLARED_SELECTOR = YES;
				GCC_WARN_UNINITIALIZED_AUTOS = YES_AGGRESSIVE;
				GCC_WARN_UNUSED_FUNCTION = YES;
				GCC_WARN_UNUSED_VARIABLE = YES;
				IPHONEOS_DEPLOYMENT_TARGET = 16.2;
				MTL_ENABLE_DEBUG_INFO = NO;
				MTL_FAST_MATH = YES;
				SDKROOT = iphoneos;
				SWIFT_COMPILATION_MODE = wholemodule;
				SWIFT_OPTIMIZATION_LEVEL = "-O";
				VALIDATE_PRODUCT = YES;
			};
			name = Release;
		};
		C023EA642A587E6F00EA65C6 /* Debug */ = {
			isa = XCBuildConfiguration;
			buildSettings = {
				ASSETCATALOG_COMPILER_APPICON_NAME = AppIcon;
				ASSETCATALOG_COMPILER_GLOBAL_ACCENT_COLOR_NAME = AccentColor;
				CODE_SIGN_STYLE = Automatic;
				CURRENT_PROJECT_VERSION = 1;
				DEVELOPMENT_TEAM = BV2B832NGF;
				GENERATE_INFOPLIST_FILE = YES;
				INFOPLIST_FILE = month3_collectionView/Info.plist;
				INFOPLIST_KEY_UIApplicationSupportsIndirectInputEvents = YES;
				INFOPLIST_KEY_UILaunchStoryboardName = LaunchScreen;
				INFOPLIST_KEY_UIMainStoryboardFile = Main;
				INFOPLIST_KEY_UISupportedInterfaceOrientations_iPad = "UIInterfaceOrientationPortrait UIInterfaceOrientationPortraitUpsideDown UIInterfaceOrientationLandscapeLeft UIInterfaceOrientationLandscapeRight";
				INFOPLIST_KEY_UISupportedInterfaceOrientations_iPhone = "UIInterfaceOrientationPortrait UIInterfaceOrientationLandscapeLeft UIInterfaceOrientationLandscapeRight";
				LD_RUNPATH_SEARCH_PATHS = (
					"$(inherited)",
					"@executable_path/Frameworks",
				);
				MARKETING_VERSION = 1.0;
				PRODUCT_BUNDLE_IDENTIFIER = "com.almaz.month3-collectionView";
				PRODUCT_NAME = "$(TARGET_NAME)";
				SWIFT_EMIT_LOC_STRINGS = YES;
				SWIFT_VERSION = 5.0;
				TARGETED_DEVICE_FAMILY = "1,2";
			};
			name = Debug;
		};
		C023EA652A587E6F00EA65C6 /* Release */ = {
			isa = XCBuildConfiguration;
			buildSettings = {
				ASSETCATALOG_COMPILER_APPICON_NAME = AppIcon;
				ASSETCATALOG_COMPILER_GLOBAL_ACCENT_COLOR_NAME = AccentColor;
				CODE_SIGN_STYLE = Automatic;
				CURRENT_PROJECT_VERSION = 1;
				DEVELOPMENT_TEAM = BV2B832NGF;
				GENERATE_INFOPLIST_FILE = YES;
				INFOPLIST_FILE = month3_collectionView/Info.plist;
				INFOPLIST_KEY_UIApplicationSupportsIndirectInputEvents = YES;
				INFOPLIST_KEY_UILaunchStoryboardName = LaunchScreen;
				INFOPLIST_KEY_UIMainStoryboardFile = Main;
				INFOPLIST_KEY_UISupportedInterfaceOrientations_iPad = "UIInterfaceOrientationPortrait UIInterfaceOrientationPortraitUpsideDown UIInterfaceOrientationLandscapeLeft UIInterfaceOrientationLandscapeRight";
				INFOPLIST_KEY_UISupportedInterfaceOrientations_iPhone = "UIInterfaceOrientationPortrait UIInterfaceOrientationLandscapeLeft UIInterfaceOrientationLandscapeRight";
				LD_RUNPATH_SEARCH_PATHS = (
					"$(inherited)",
					"@executable_path/Frameworks",
				);
				MARKETING_VERSION = 1.0;
				PRODUCT_BUNDLE_IDENTIFIER = "com.almaz.month3-collectionView";
				PRODUCT_NAME = "$(TARGET_NAME)";
				SWIFT_EMIT_LOC_STRINGS = YES;
				SWIFT_VERSION = 5.0;
				TARGETED_DEVICE_FAMILY = "1,2";
			};
			name = Release;
		};
/* End XCBuildConfiguration section */

/* Begin XCConfigurationList section */
		C023EA4A2A587E6F00EA65C6 /* Build configuration list for PBXProject "month3_collectionView" */ = {
			isa = XCConfigurationList;
			buildConfigurations = (
				C023EA612A587E6F00EA65C6 /* Debug */,
				C023EA622A587E6F00EA65C6 /* Release */,
			);
			defaultConfigurationIsVisible = 0;
			defaultConfigurationName = Release;
		};
		C023EA632A587E6F00EA65C6 /* Build configuration list for PBXNativeTarget "month3_collectionView" */ = {
			isa = XCConfigurationList;
			buildConfigurations = (
				C023EA642A587E6F00EA65C6 /* Debug */,
				C023EA652A587E6F00EA65C6 /* Release */,
			);
			defaultConfigurationIsVisible = 0;
			defaultConfigurationName = Release;
		};
/* End XCConfigurationList section */
	};
	rootObject = C023EA472A587E6F00EA65C6 /* Project object */;
}
